// !$*UTF8*$!
{
	archiveVersion = 1;
	classes = {
	};
	objectVersion = 56;
	objects = {

/* Begin PBXBuildFile section */
		C4358B1B29642F9C004A39E7 /* StravoApp.swift in Sources */ = {isa = PBXBuildFile; fileRef = C4358B1A29642F9C004A39E7 /* StravoApp.swift */; };
		C4358B1D29642F9C004A39E7 /* ContentView.swift in Sources */ = {isa = PBXBuildFile; fileRef = C4358B1C29642F9C004A39E7 /* ContentView.swift */; };
		C4358B1F29642F9D004A39E7 /* Assets.xcassets in Resources */ = {isa = PBXBuildFile; fileRef = C4358B1E29642F9D004A39E7 /* Assets.xcassets */; };
		C4358B2229642F9D004A39E7 /* Preview Assets.xcassets in Resources */ = {isa = PBXBuildFile; fileRef = C4358B2129642F9D004A39E7 /* Preview Assets.xcassets */; };
		C4358B2929642FD1004A39E7 /* LoginView.swift in Sources */ = {isa = PBXBuildFile; fileRef = C4358B2829642FD1004A39E7 /* LoginView.swift */; };
		C4478B9A29647BE7004622D8 /* KeychainAccess in Frameworks */ = {isa = PBXBuildFile; productRef = C4478B9929647BE7004622D8 /* KeychainAccess */; };
		C4478B9C29647C98004622D8 /* MainView.swift in Sources */ = {isa = PBXBuildFile; fileRef = C4478B9B29647C98004622D8 /* MainView.swift */; };
		C4478B9E2964825E004622D8 /* TilesView.swift in Sources */ = {isa = PBXBuildFile; fileRef = C4478B9D2964825E004622D8 /* TilesView.swift */; };
		C4478BA429648DED004622D8 /* MapView.swift in Sources */ = {isa = PBXBuildFile; fileRef = C4478BA329648DED004622D8 /* MapView.swift */; };
		C4AE09232968C2CC00742AB8 /* TilesNavigationView.swift in Sources */ = {isa = PBXBuildFile; fileRef = C4AE09222968C2CC00742AB8 /* TilesNavigationView.swift */; };
		C4AE09252968C79B00742AB8 /* SettingsView.swift in Sources */ = {isa = PBXBuildFile; fileRef = C4AE09242968C79B00742AB8 /* SettingsView.swift */; };
		C4EBF7C52965D62B008EE6C3 /* View+CornerRadius.swift in Sources */ = {isa = PBXBuildFile; fileRef = C4EBF7C42965D62B008EE6C3 /* View+CornerRadius.swift */; };
		C4EBF7C82965D688008EE6C3 /* TilesViewModel.swift in Sources */ = {isa = PBXBuildFile; fileRef = C4EBF7C72965D688008EE6C3 /* TilesViewModel.swift */; };
		C4EBF7CB2965D6C4008EE6C3 /* UserStore.swift in Sources */ = {isa = PBXBuildFile; fileRef = C4EBF7CA2965D6C4008EE6C3 /* UserStore.swift */; };
		C4EBF7CF2965D717008EE6C3 /* LoginViewModel.swift in Sources */ = {isa = PBXBuildFile; fileRef = C4EBF7CE2965D717008EE6C3 /* LoginViewModel.swift */; };
		C4EBF7D12965D74D008EE6C3 /* MKMapView+Zooming.swift in Sources */ = {isa = PBXBuildFile; fileRef = C4EBF7D02965D74D008EE6C3 /* MKMapView+Zooming.swift */; };
		C4EBF7D42965D795008EE6C3 /* ZoomingMultiPolygonRenderer.swift in Sources */ = {isa = PBXBuildFile; fileRef = C4EBF7D32965D795008EE6C3 /* ZoomingMultiPolygonRenderer.swift */; };
		C4EBF7D929682DBE008EE6C3 /* LocationManager.swift in Sources */ = {isa = PBXBuildFile; fileRef = C4EBF7D829682DBE008EE6C3 /* LocationManager.swift */; };
		C4EBF7DC29683625008EE6C3 /* Polyline in Frameworks */ = {isa = PBXBuildFile; productRef = C4EBF7DB29683625008EE6C3 /* Polyline */; };
		C4EBF7DE29683813008EE6C3 /* RouteManager.swift in Sources */ = {isa = PBXBuildFile; fileRef = C4EBF7DD29683813008EE6C3 /* RouteManager.swift */; };
		C4EBF7E029684454008EE6C3 /* MapViewModel.swift in Sources */ = {isa = PBXBuildFile; fileRef = C4EBF7DF29684454008EE6C3 /* MapViewModel.swift */; };
		C4EBF7E229684A48008EE6C3 /* TileManager.swift in Sources */ = {isa = PBXBuildFile; fileRef = C4EBF7E129684A48008EE6C3 /* TileManager.swift */; };
/* End PBXBuildFile section */

/* Begin PBXFileReference section */
		C4358B1729642F9C004A39E7 /* Stravo.app */ = {isa = PBXFileReference; explicitFileType = wrapper.application; includeInIndex = 0; path = Stravo.app; sourceTree = BUILT_PRODUCTS_DIR; };
		C4358B1A29642F9C004A39E7 /* StravoApp.swift */ = {isa = PBXFileReference; lastKnownFileType = sourcecode.swift; path = StravoApp.swift; sourceTree = "<group>"; };
		C4358B1C29642F9C004A39E7 /* ContentView.swift */ = {isa = PBXFileReference; lastKnownFileType = sourcecode.swift; path = ContentView.swift; sourceTree = "<group>"; };
		C4358B1E29642F9D004A39E7 /* Assets.xcassets */ = {isa = PBXFileReference; lastKnownFileType = folder.assetcatalog; path = Assets.xcassets; sourceTree = "<group>"; };
		C4358B2129642F9D004A39E7 /* Preview Assets.xcassets */ = {isa = PBXFileReference; lastKnownFileType = folder.assetcatalog; path = "Preview Assets.xcassets"; sourceTree = "<group>"; };
		C4358B2829642FD1004A39E7 /* LoginView.swift */ = {isa = PBXFileReference; lastKnownFileType = sourcecode.swift; path = LoginView.swift; sourceTree = "<group>"; };
		C4478B9B29647C98004622D8 /* MainView.swift */ = {isa = PBXFileReference; lastKnownFileType = sourcecode.swift; path = MainView.swift; sourceTree = "<group>"; };
		C4478B9D2964825E004622D8 /* TilesView.swift */ = {isa = PBXFileReference; lastKnownFileType = sourcecode.swift; path = TilesView.swift; sourceTree = "<group>"; };
		C4478B9F29648688004622D8 /* Info.plist */ = {isa = PBXFileReference; lastKnownFileType = text.plist; path = Info.plist; sourceTree = "<group>"; };
		C4478BA329648DED004622D8 /* MapView.swift */ = {isa = PBXFileReference; lastKnownFileType = sourcecode.swift; path = MapView.swift; sourceTree = "<group>"; };
		C4AE09222968C2CC00742AB8 /* TilesNavigationView.swift */ = {isa = PBXFileReference; lastKnownFileType = sourcecode.swift; path = TilesNavigationView.swift; sourceTree = "<group>"; };
		C4AE09242968C79B00742AB8 /* SettingsView.swift */ = {isa = PBXFileReference; lastKnownFileType = sourcecode.swift; path = SettingsView.swift; sourceTree = "<group>"; };
		C4EBF7C42965D62B008EE6C3 /* View+CornerRadius.swift */ = {isa = PBXFileReference; lastKnownFileType = sourcecode.swift; path = "View+CornerRadius.swift"; sourceTree = "<group>"; };
		C4EBF7C72965D688008EE6C3 /* TilesViewModel.swift */ = {isa = PBXFileReference; lastKnownFileType = sourcecode.swift; path = TilesViewModel.swift; sourceTree = "<group>"; };
		C4EBF7CA2965D6C4008EE6C3 /* UserStore.swift */ = {isa = PBXFileReference; lastKnownFileType = sourcecode.swift; path = UserStore.swift; sourceTree = "<group>"; };
		C4EBF7CE2965D717008EE6C3 /* LoginViewModel.swift */ = {isa = PBXFileReference; lastKnownFileType = sourcecode.swift; path = LoginViewModel.swift; sourceTree = "<group>"; };
		C4EBF7D02965D74D008EE6C3 /* MKMapView+Zooming.swift */ = {isa = PBXFileReference; lastKnownFileType = sourcecode.swift; path = "MKMapView+Zooming.swift"; sourceTree = "<group>"; };
		C4EBF7D32965D795008EE6C3 /* ZoomingMultiPolygonRenderer.swift */ = {isa = PBXFileReference; lastKnownFileType = sourcecode.swift; path = ZoomingMultiPolygonRenderer.swift; sourceTree = "<group>"; };
		C4EBF7D829682DBE008EE6C3 /* LocationManager.swift */ = {isa = PBXFileReference; lastKnownFileType = sourcecode.swift; path = LocationManager.swift; sourceTree = "<group>"; };
		C4EBF7DD29683813008EE6C3 /* RouteManager.swift */ = {isa = PBXFileReference; lastKnownFileType = sourcecode.swift; path = RouteManager.swift; sourceTree = "<group>"; };
		C4EBF7DF29684454008EE6C3 /* MapViewModel.swift */ = {isa = PBXFileReference; lastKnownFileType = sourcecode.swift; path = MapViewModel.swift; sourceTree = "<group>"; };
		C4EBF7E129684A48008EE6C3 /* TileManager.swift */ = {isa = PBXFileReference; lastKnownFileType = sourcecode.swift; path = TileManager.swift; sourceTree = "<group>"; };
/* End PBXFileReference section */

/* Begin PBXFrameworksBuildPhase section */
		C4358B1429642F9C004A39E7 /* Frameworks */ = {
			isa = PBXFrameworksBuildPhase;
			buildActionMask = 2147483647;
			files = (
				C4EBF7DC29683625008EE6C3 /* Polyline in Frameworks */,
				C4478B9A29647BE7004622D8 /* KeychainAccess in Frameworks */,
			);
			runOnlyForDeploymentPostprocessing = 0;
		};
/* End PBXFrameworksBuildPhase section */

/* Begin PBXGroup section */
		C4358B0E29642F9C004A39E7 = {
			isa = PBXGroup;
			children = (
				C4358B1929642F9C004A39E7 /* Stravo */,
				C4358B1829642F9C004A39E7 /* Products */,
			);
			sourceTree = "<group>";
		};
		C4358B1829642F9C004A39E7 /* Products */ = {
			isa = PBXGroup;
			children = (
				C4358B1729642F9C004A39E7 /* Stravo.app */,
			);
			name = Products;
			sourceTree = "<group>";
		};
		C4358B1929642F9C004A39E7 /* Stravo */ = {
			isa = PBXGroup;
			children = (
				C4EBF7D729682DA6008EE6C3 /* Managers */,
				C4358B1A29642F9C004A39E7 /* StravoApp.swift */,
				C4EBF7CC2965D700008EE6C3 /* Views */,
				C4EBF7C92965D6BB008EE6C3 /* Stores */,
				C4EBF7C32965D617008EE6C3 /* Extensions */,
				C4478B9F29648688004622D8 /* Info.plist */,
				C4358B1E29642F9D004A39E7 /* Assets.xcassets */,
				C4358B2029642F9D004A39E7 /* Preview Content */,
			);
			path = Stravo;
			sourceTree = "<group>";
		};
		C4358B2029642F9D004A39E7 /* Preview Content */ = {
			isa = PBXGroup;
			children = (
				C4358B2129642F9D004A39E7 /* Preview Assets.xcassets */,
			);
			path = "Preview Content";
			sourceTree = "<group>";
		};
		C4EBF7C32965D617008EE6C3 /* Extensions */ = {
			isa = PBXGroup;
			children = (
				C4EBF7C42965D62B008EE6C3 /* View+CornerRadius.swift */,
				C4EBF7D02965D74D008EE6C3 /* MKMapView+Zooming.swift */,
			);
			path = Extensions;
			sourceTree = "<group>";
		};
		C4EBF7C62965D66E008EE6C3 /* TilesView */ = {
			isa = PBXGroup;
			children = (
				C4EBF7D22965D779008EE6C3 /* MapView */,
				C4478B9D2964825E004622D8 /* TilesView.swift */,
				C4EBF7C72965D688008EE6C3 /* TilesViewModel.swift */,
				C4AE09222968C2CC00742AB8 /* TilesNavigationView.swift */,
			);
			path = TilesView;
			sourceTree = "<group>";
		};
		C4EBF7C92965D6BB008EE6C3 /* Stores */ = {
			isa = PBXGroup;
			children = (
				C4EBF7CA2965D6C4008EE6C3 /* UserStore.swift */,
			);
			path = Stores;
			sourceTree = "<group>";
		};
		C4EBF7CC2965D700008EE6C3 /* Views */ = {
			isa = PBXGroup;
			children = (
				C4EBF7D62965D7E6008EE6C3 /* MainView */,
				C4EBF7D52965D7CE008EE6C3 /* ContentView */,
				C4EBF7CD2965D708008EE6C3 /* LoginView */,
				C4EBF7C62965D66E008EE6C3 /* TilesView */,
				C4AE09242968C79B00742AB8 /* SettingsView.swift */,
			);
			path = Views;
			sourceTree = "<group>";
		};
		C4EBF7CD2965D708008EE6C3 /* LoginView */ = {
			isa = PBXGroup;
			children = (
				C4358B2829642FD1004A39E7 /* LoginView.swift */,
				C4EBF7CE2965D717008EE6C3 /* LoginViewModel.swift */,
			);
			path = LoginView;
			sourceTree = "<group>";
		};
		C4EBF7D22965D779008EE6C3 /* MapView */ = {
			isa = PBXGroup;
			children = (
				C4478BA329648DED004622D8 /* MapView.swift */,
				C4EBF7D32965D795008EE6C3 /* ZoomingMultiPolygonRenderer.swift */,
				C4EBF7DF29684454008EE6C3 /* MapViewModel.swift */,
			);
			path = MapView;
			sourceTree = "<group>";
		};
		C4EBF7D52965D7CE008EE6C3 /* ContentView */ = {
			isa = PBXGroup;
			children = (
				C4358B1C29642F9C004A39E7 /* ContentView.swift */,
			);
			path = ContentView;
			sourceTree = "<group>";
		};
		C4EBF7D62965D7E6008EE6C3 /* MainView */ = {
			isa = PBXGroup;
			children = (
				C4478B9B29647C98004622D8 /* MainView.swift */,
			);
			path = MainView;
			sourceTree = "<group>";
		};
		C4EBF7D729682DA6008EE6C3 /* Managers */ = {
			isa = PBXGroup;
			children = (
				C4EBF7D829682DBE008EE6C3 /* LocationManager.swift */,
				C4EBF7DD29683813008EE6C3 /* RouteManager.swift */,
				C4EBF7E129684A48008EE6C3 /* TileManager.swift */,
			);
			path = Managers;
			sourceTree = "<group>";
		};
/* End PBXGroup section */

/* Begin PBXNativeTarget section */
		C4358B1629642F9C004A39E7 /* Stravo */ = {
			isa = PBXNativeTarget;
			buildConfigurationList = C4358B2529642F9D004A39E7 /* Build configuration list for PBXNativeTarget "Stravo" */;
			buildPhases = (
				C4358B1329642F9C004A39E7 /* Sources */,
				C4358B1429642F9C004A39E7 /* Frameworks */,
				C4358B1529642F9C004A39E7 /* Resources */,
			);
			buildRules = (
			);
			dependencies = (
			);
			name = Stravo;
			packageProductDependencies = (
				C4478B9929647BE7004622D8 /* KeychainAccess */,
				C4EBF7DB29683625008EE6C3 /* Polyline */,
			);
			productName = Stravo;
			productReference = C4358B1729642F9C004A39E7 /* Stravo.app */;
			productType = "com.apple.product-type.application";
		};
/* End PBXNativeTarget section */

/* Begin PBXProject section */
		C4358B0F29642F9C004A39E7 /* Project object */ = {
			isa = PBXProject;
			attributes = {
				BuildIndependentTargetsInParallel = 1;
				LastSwiftUpdateCheck = 1420;
				LastUpgradeCheck = 1420;
				TargetAttributes = {
					C4358B1629642F9C004A39E7 = {
						CreatedOnToolsVersion = 14.2;
					};
				};
			};
			buildConfigurationList = C4358B1229642F9C004A39E7 /* Build configuration list for PBXProject "Stravo" */;
			compatibilityVersion = "Xcode 14.0";
			developmentRegion = en;
			hasScannedForEncodings = 0;
			knownRegions = (
				en,
				Base,
			);
			mainGroup = C4358B0E29642F9C004A39E7;
			packageReferences = (
				C4478B9829647BE7004622D8 /* XCRemoteSwiftPackageReference "KeychainAccess" */,
				C4478BA52964E0CC004622D8 /* XCRemoteSwiftPackageReference "fluent-postgis" */,
				C4EBF7DA29683625008EE6C3 /* XCRemoteSwiftPackageReference "Polyline" */,
			);
			productRefGroup = C4358B1829642F9C004A39E7 /* Products */;
			projectDirPath = "";
			projectRoot = "";
			targets = (
				C4358B1629642F9C004A39E7 /* Stravo */,
			);
		};
/* End PBXProject section */

/* Begin PBXResourcesBuildPhase section */
		C4358B1529642F9C004A39E7 /* Resources */ = {
			isa = PBXResourcesBuildPhase;
			buildActionMask = 2147483647;
			files = (
				C4358B2229642F9D004A39E7 /* Preview Assets.xcassets in Resources */,
				C4358B1F29642F9D004A39E7 /* Assets.xcassets in Resources */,
			);
			runOnlyForDeploymentPostprocessing = 0;
		};
/* End PBXResourcesBuildPhase section */

/* Begin PBXSourcesBuildPhase section */
		C4358B1329642F9C004A39E7 /* Sources */ = {
			isa = PBXSourcesBuildPhase;
			buildActionMask = 2147483647;
			files = (
				C4478B9E2964825E004622D8 /* TilesView.swift in Sources */,
				C4478BA429648DED004622D8 /* MapView.swift in Sources */,
				C4EBF7D42965D795008EE6C3 /* ZoomingMultiPolygonRenderer.swift in Sources */,
				C4AE09252968C79B00742AB8 /* SettingsView.swift in Sources */,
				C4358B2929642FD1004A39E7 /* LoginView.swift in Sources */,
				C4478B9C29647C98004622D8 /* MainView.swift in Sources */,
				C4EBF7E229684A48008EE6C3 /* TileManager.swift in Sources */,
				C4EBF7DE29683813008EE6C3 /* RouteManager.swift in Sources */,
				C4EBF7D929682DBE008EE6C3 /* LocationManager.swift in Sources */,
				C4EBF7C82965D688008EE6C3 /* TilesViewModel.swift in Sources */,
				C4EBF7C52965D62B008EE6C3 /* View+CornerRadius.swift in Sources */,
				C4EBF7CB2965D6C4008EE6C3 /* UserStore.swift in Sources */,
				C4EBF7D12965D74D008EE6C3 /* MKMapView+Zooming.swift in Sources */,
				C4EBF7E029684454008EE6C3 /* MapViewModel.swift in Sources */,
				C4358B1D29642F9C004A39E7 /* ContentView.swift in Sources */,
				C4EBF7CF2965D717008EE6C3 /* LoginViewModel.swift in Sources */,
				C4358B1B29642F9C004A39E7 /* StravoApp.swift in Sources */,
				C4AE09232968C2CC00742AB8 /* TilesNavigationView.swift in Sources */,
			);
			runOnlyForDeploymentPostprocessing = 0;
		};
/* End PBXSourcesBuildPhase section */

/* Begin XCBuildConfiguration section */
		C4358B2329642F9D004A39E7 /* Debug */ = {
			isa = XCBuildConfiguration;
			buildSettings = {
				ALWAYS_SEARCH_USER_PATHS = NO;
				CLANG_ANALYZER_NONNULL = YES;
				CLANG_ANALYZER_NUMBER_OBJECT_CONVERSION = YES_AGGRESSIVE;
				CLANG_CXX_LANGUAGE_STANDARD = "gnu++20";
				CLANG_ENABLE_MODULES = YES;
				CLANG_ENABLE_OBJC_ARC = YES;
				CLANG_ENABLE_OBJC_WEAK = YES;
				CLANG_WARN_BLOCK_CAPTURE_AUTORELEASING = YES;
				CLANG_WARN_BOOL_CONVERSION = YES;
				CLANG_WARN_COMMA = YES;
				CLANG_WARN_CONSTANT_CONVERSION = YES;
				CLANG_WARN_DEPRECATED_OBJC_IMPLEMENTATIONS = YES;
				CLANG_WARN_DIRECT_OBJC_ISA_USAGE = YES_ERROR;
				CLANG_WARN_DOCUMENTATION_COMMENTS = YES;
				CLANG_WARN_EMPTY_BODY = YES;
				CLANG_WARN_ENUM_CONVERSION = YES;
				CLANG_WARN_INFINITE_RECURSION = YES;
				CLANG_WARN_INT_CONVERSION = YES;
				CLANG_WARN_NON_LITERAL_NULL_CONVERSION = YES;
				CLANG_WARN_OBJC_IMPLICIT_RETAIN_SELF = YES;
				CLANG_WARN_OBJC_LITERAL_CONVERSION = YES;
				CLANG_WARN_OBJC_ROOT_CLASS = YES_ERROR;
				CLANG_WARN_QUOTED_INCLUDE_IN_FRAMEWORK_HEADER = YES;
				CLANG_WARN_RANGE_LOOP_ANALYSIS = YES;
				CLANG_WARN_STRICT_PROTOTYPES = YES;
				CLANG_WARN_SUSPICIOUS_MOVE = YES;
				CLANG_WARN_UNGUARDED_AVAILABILITY = YES_AGGRESSIVE;
				CLANG_WARN_UNREACHABLE_CODE = YES;
				CLANG_WARN__DUPLICATE_METHOD_MATCH = YES;
				COPY_PHASE_STRIP = NO;
				DEBUG_INFORMATION_FORMAT = dwarf;
				ENABLE_STRICT_OBJC_MSGSEND = YES;
				ENABLE_TESTABILITY = YES;
				GCC_C_LANGUAGE_STANDARD = gnu11;
				GCC_DYNAMIC_NO_PIC = NO;
				GCC_NO_COMMON_BLOCKS = YES;
				GCC_OPTIMIZATION_LEVEL = 0;
				GCC_PREPROCESSOR_DEFINITIONS = (
					"DEBUG=1",
					"$(inherited)",
				);
				GCC_WARN_64_TO_32_BIT_CONVERSION = YES;
				GCC_WARN_ABOUT_RETURN_TYPE = YES_ERROR;
				GCC_WARN_UNDECLARED_SELECTOR = YES;
				GCC_WARN_UNINITIALIZED_AUTOS = YES_AGGRESSIVE;
				GCC_WARN_UNUSED_FUNCTION = YES;
				GCC_WARN_UNUSED_VARIABLE = YES;
				IPHONEOS_DEPLOYMENT_TARGET = 16.2;
				MTL_ENABLE_DEBUG_INFO = INCLUDE_SOURCE;
				MTL_FAST_MATH = YES;
				ONLY_ACTIVE_ARCH = YES;
				SDKROOT = iphoneos;
				SWIFT_ACTIVE_COMPILATION_CONDITIONS = DEBUG;
				SWIFT_OPTIMIZATION_LEVEL = "-Onone";
			};
			name = Debug;
		};
		C4358B2429642F9D004A39E7 /* Release */ = {
			isa = XCBuildConfiguration;
			buildSettings = {
				ALWAYS_SEARCH_USER_PATHS = NO;
				CLANG_ANALYZER_NONNULL = YES;
				CLANG_ANALYZER_NUMBER_OBJECT_CONVERSION = YES_AGGRESSIVE;
				CLANG_CXX_LANGUAGE_STANDARD = "gnu++20";
				CLANG_ENABLE_MODULES = YES;
				CLANG_ENABLE_OBJC_ARC = YES;
				CLANG_ENABLE_OBJC_WEAK = YES;
				CLANG_WARN_BLOCK_CAPTURE_AUTORELEASING = YES;
				CLANG_WARN_BOOL_CONVERSION = YES;
				CLANG_WARN_COMMA = YES;
				CLANG_WARN_CONSTANT_CONVERSION = YES;
				CLANG_WARN_DEPRECATED_OBJC_IMPLEMENTATIONS = YES;
				CLANG_WARN_DIRECT_OBJC_ISA_USAGE = YES_ERROR;
				CLANG_WARN_DOCUMENTATION_COMMENTS = YES;
				CLANG_WARN_EMPTY_BODY = YES;
				CLANG_WARN_ENUM_CONVERSION = YES;
				CLANG_WARN_INFINITE_RECURSION = YES;
				CLANG_WARN_INT_CONVERSION = YES;
				CLANG_WARN_NON_LITERAL_NULL_CONVERSION = YES;
				CLANG_WARN_OBJC_IMPLICIT_RETAIN_SELF = YES;
				CLANG_WARN_OBJC_LITERAL_CONVERSION = YES;
				CLANG_WARN_OBJC_ROOT_CLASS = YES_ERROR;
				CLANG_WARN_QUOTED_INCLUDE_IN_FRAMEWORK_HEADER = YES;
				CLANG_WARN_RANGE_LOOP_ANALYSIS = YES;
				CLANG_WARN_STRICT_PROTOTYPES = YES;
				CLANG_WARN_SUSPICIOUS_MOVE = YES;
				CLANG_WARN_UNGUARDED_AVAILABILITY = YES_AGGRESSIVE;
				CLANG_WARN_UNREACHABLE_CODE = YES;
				CLANG_WARN__DUPLICATE_METHOD_MATCH = YES;
				COPY_PHASE_STRIP = NO;
				DEBUG_INFORMATION_FORMAT = "dwarf-with-dsym";
				ENABLE_NS_ASSERTIONS = NO;
				ENABLE_STRICT_OBJC_MSGSEND = YES;
				GCC_C_LANGUAGE_STANDARD = gnu11;
				GCC_NO_COMMON_BLOCKS = YES;
				GCC_WARN_64_TO_32_BIT_CONVERSION = YES;
				GCC_WARN_ABOUT_RETURN_TYPE = YES_ERROR;
				GCC_WARN_UNDECLARED_SELECTOR = YES;
				GCC_WARN_UNINITIALIZED_AUTOS = YES_AGGRESSIVE;
				GCC_WARN_UNUSED_FUNCTION = YES;
				GCC_WARN_UNUSED_VARIABLE = YES;
				IPHONEOS_DEPLOYMENT_TARGET = 16.2;
				MTL_ENABLE_DEBUG_INFO = NO;
				MTL_FAST_MATH = YES;
				SDKROOT = iphoneos;
				SWIFT_COMPILATION_MODE = wholemodule;
				SWIFT_OPTIMIZATION_LEVEL = "-O";
				VALIDATE_PRODUCT = YES;
			};
			name = Release;
		};
		C4358B2629642F9D004A39E7 /* Debug */ = {
			isa = XCBuildConfiguration;
			buildSettings = {
				ASSETCATALOG_COMPILER_APPICON_NAME = AppIcon;
				ASSETCATALOG_COMPILER_GLOBAL_ACCENT_COLOR_NAME = AccentColor;
				CODE_SIGN_STYLE = Automatic;
				CURRENT_PROJECT_VERSION = 1;
				DEVELOPMENT_ASSET_PATHS = "\"Stravo/Preview Content\"";
				DEVELOPMENT_TEAM = VD43MWKKT2;
				ENABLE_PREVIEWS = YES;
				GENERATE_INFOPLIST_FILE = YES;
				INFOPLIST_FILE = Stravo/Info.plist;
				INFOPLIST_KEY_CFBundleDisplayName = Stravo;
				INFOPLIST_KEY_NSLocationAlwaysAndWhenInUseUsageDescription = "We need your location to know where you are on the map.";
				INFOPLIST_KEY_NSLocationWhenInUseUsageDescription = "We need your location to know where you are on the map.";
				INFOPLIST_KEY_UIApplicationSceneManifest_Generation = YES;
				INFOPLIST_KEY_UIApplicationSupportsIndirectInputEvents = YES;
				INFOPLIST_KEY_UILaunchScreen_Generation = YES;
				INFOPLIST_KEY_UISupportedInterfaceOrientations = UIInterfaceOrientationPortrait;
				INFOPLIST_KEY_UISupportedInterfaceOrientations_iPad = "UIInterfaceOrientationLandscapeLeft UIInterfaceOrientationLandscapeRight UIInterfaceOrientationPortrait UIInterfaceOrientationPortraitUpsideDown";
				IPHONEOS_DEPLOYMENT_TARGET = 16.0;
				LD_RUNPATH_SEARCH_PATHS = (
					"$(inherited)",
					"@executable_path/Frameworks",
				);
				MARKETING_VERSION = 1.0;
				PRODUCT_BUNDLE_IDENTIFIER = nl.bobvoorneveld.Stravo;
				PRODUCT_NAME = "$(TARGET_NAME)";
				SWIFT_EMIT_LOC_STRINGS = YES;
				SWIFT_VERSION = 5.0;
				TARGETED_DEVICE_FAMILY = "1,2";
			};
			name = Debug;
		};
		C4358B2729642F9D004A39E7 /* Release */ = {
			isa = XCBuildConfiguration;
			buildSettings = {
				ASSETCATALOG_COMPILER_APPICON_NAME = AppIcon;
				ASSETCATALOG_COMPILER_GLOBAL_ACCENT_COLOR_NAME = AccentColor;
				CODE_SIGN_STYLE = Automatic;
				CURRENT_PROJECT_VERSION = 1;
				DEVELOPMENT_ASSET_PATHS = "\"Stravo/Preview Content\"";
				DEVELOPMENT_TEAM = VD43MWKKT2;
				ENABLE_PREVIEWS = YES;
				GENERATE_INFOPLIST_FILE = YES;
				INFOPLIST_FILE = Stravo/Info.plist;
				INFOPLIST_KEY_CFBundleDisplayName = Stravo;
				INFOPLIST_KEY_NSLocationAlwaysAndWhenInUseUsageDescription = "We need your location to know where you are on the map.";
				INFOPLIST_KEY_NSLocationWhenInUseUsageDescription = "We need your location to know where you are on the map.";
				INFOPLIST_KEY_UIApplicationSceneManifest_Generation = YES;
				INFOPLIST_KEY_UIApplicationSupportsIndirectInputEvents = YES;
				INFOPLIST_KEY_UILaunchScreen_Generation = YES;
				INFOPLIST_KEY_UISupportedInterfaceOrientations = UIInterfaceOrientationPortrait;
				INFOPLIST_KEY_UISupportedInterfaceOrientations_iPad = "UIInterfaceOrientationLandscapeLeft UIInterfaceOrientationLandscapeRight UIInterfaceOrientationPortrait UIInterfaceOrientationPortraitUpsideDown";
				IPHONEOS_DEPLOYMENT_TARGET = 16.0;
				LD_RUNPATH_SEARCH_PATHS = (
					"$(inherited)",
					"@executable_path/Frameworks",
				);
				MARKETING_VERSION = 1.0;
				PRODUCT_BUNDLE_IDENTIFIER = nl.bobvoorneveld.Stravo;
				PRODUCT_NAME = "$(TARGET_NAME)";
				SWIFT_EMIT_LOC_STRINGS = YES;
				SWIFT_VERSION = 5.0;
				TARGETED_DEVICE_FAMILY = "1,2";
			};
			name = Release;
		};
/* End XCBuildConfiguration section */

/* Begin XCConfigurationList section */
		C4358B1229642F9C004A39E7 /* Build configuration list for PBXProject "Stravo" */ = {
			isa = XCConfigurationList;
			buildConfigurations = (
				C4358B2329642F9D004A39E7 /* Debug */,
				C4358B2429642F9D004A39E7 /* Release */,
			);
			defaultConfigurationIsVisible = 0;
			defaultConfigurationName = Release;
		};
		C4358B2529642F9D004A39E7 /* Build configuration list for PBXNativeTarget "Stravo" */ = {
			isa = XCConfigurationList;
			buildConfigurations = (
				C4358B2629642F9D004A39E7 /* Debug */,
				C4358B2729642F9D004A39E7 /* Release */,
			);
			defaultConfigurationIsVisible = 0;
			defaultConfigurationName = Release;
		};
/* End XCConfigurationList section */

/* Begin XCRemoteSwiftPackageReference section */
		C4478B9829647BE7004622D8 /* XCRemoteSwiftPackageReference "KeychainAccess" */ = {
			isa = XCRemoteSwiftPackageReference;
			repositoryURL = "https://github.com/kishikawakatsumi/KeychainAccess";
			requirement = {
				branch = master;
				kind = branch;
			};
		};
		C4478BA52964E0CC004622D8 /* XCRemoteSwiftPackageReference "fluent-postgis" */ = {
			isa = XCRemoteSwiftPackageReference;
			repositoryURL = "https://github.com/brokenhandsio/fluent-postgis.git";
			requirement = {
				kind = upToNextMajorVersion;
				minimumVersion = 0.3.0;
			};
		};
		C4EBF7DA29683625008EE6C3 /* XCRemoteSwiftPackageReference "Polyline" */ = {
			isa = XCRemoteSwiftPackageReference;
			repositoryURL = "https://github.com/raphaelmor/Polyline.git";
			requirement = {
				branch = master;
				kind = branch;
			};
		};
/* End XCRemoteSwiftPackageReference section */

/* Begin XCSwiftPackageProductDependency section */
		C4478B9929647BE7004622D8 /* KeychainAccess */ = {
			isa = XCSwiftPackageProductDependency;
			package = C4478B9829647BE7004622D8 /* XCRemoteSwiftPackageReference "KeychainAccess" */;
			productName = KeychainAccess;
		};
		C4EBF7DB29683625008EE6C3 /* Polyline */ = {
			isa = XCSwiftPackageProductDependency;
			package = C4EBF7DA29683625008EE6C3 /* XCRemoteSwiftPackageReference "Polyline" */;
			productName = Polyline;
		};
/* End XCSwiftPackageProductDependency section */
	};
	rootObject = C4358B0F29642F9C004A39E7 /* Project object */;
}
